// !$*UTF8*$!
{
	archiveVersion = 1;
	classes = {
	};
	objectVersion = 50;
	objects = {

/* Begin PBXBuildFile section */
		F3416A39244A99710023C01D /* DesktopMenuItem.swift in Sources */ = {isa = PBXBuildFile; fileRef = F3416A38244A99710023C01D /* DesktopMenuItem.swift */; };
		F34F661E248F1F39006922ED /* InfoPane.xib in Resources */ = {isa = PBXBuildFile; fileRef = F34F661D248F1F39006922ED /* InfoPane.xib */; };
		F34F6620248F2062006922ED /* Permissions.swift in Sources */ = {isa = PBXBuildFile; fileRef = F34F661F248F2062006922ED /* Permissions.swift */; };
		F34F66392491BFAD006922ED /* CoreApplication.swift in Sources */ = {isa = PBXBuildFile; fileRef = F34F66382491BFAD006922ED /* CoreApplication.swift */; };
		F34F663B249349C6006922ED /* Desktop.swift in Sources */ = {isa = PBXBuildFile; fileRef = F34F663A249349C6006922ED /* Desktop.swift */; };
		F37E9CA1245F7BA200BC82F3 /* DataManager.swift in Sources */ = {isa = PBXBuildFile; fileRef = F37E9CA0245F7BA200BC82F3 /* DataManager.swift */; };
		F386E28224943DC400022CF2 /* Util.swift in Sources */ = {isa = PBXBuildFile; fileRef = F386E28124943DC400022CF2 /* Util.swift */; };
		F3FA28CF241FEE5B00EB7536 /* AppDelegate.swift in Sources */ = {isa = PBXBuildFile; fileRef = F3FA28CE241FEE5B00EB7536 /* AppDelegate.swift */; };
		F3FA28D1241FEE5B00EB7536 /* ContentView.swift in Sources */ = {isa = PBXBuildFile; fileRef = F3FA28D0241FEE5B00EB7536 /* ContentView.swift */; };
		F3FA28D3241FEE5E00EB7536 /* Assets.xcassets in Resources */ = {isa = PBXBuildFile; fileRef = F3FA28D2241FEE5E00EB7536 /* Assets.xcassets */; };
		F3FA28D6241FEE5E00EB7536 /* Preview Assets.xcassets in Resources */ = {isa = PBXBuildFile; fileRef = F3FA28D5241FEE5E00EB7536 /* Preview Assets.xcassets */; };
		F3FA28D9241FEE5E00EB7536 /* Main.storyboard in Resources */ = {isa = PBXBuildFile; fileRef = F3FA28D7241FEE5E00EB7536 /* Main.storyboard */; };
		F3FA28E2241FF9C700EB7536 /* DesktopsManager.swift in Sources */ = {isa = PBXBuildFile; fileRef = F3FA28E1241FF9C700EB7536 /* DesktopsManager.swift */; };
		F3FA290524201AB000EB7536 /* DesktopView.swift in Sources */ = {isa = PBXBuildFile; fileRef = F3FA290424201AB000EB7536 /* DesktopView.swift */; };
/* End PBXBuildFile section */

/* Begin PBXCopyFilesBuildPhase section */
		F3416A34244A63AD0023C01D /* Embed XPC Services */ = {
			isa = PBXCopyFilesBuildPhase;
			buildActionMask = 2147483647;
			dstPath = "$(CONTENTS_FOLDER_PATH)/XPCServices";
			dstSubfolderSpec = 16;
			files = (
			);
			name = "Embed XPC Services";
			runOnlyForDeploymentPostprocessing = 0;
		};
		F34F6626248FF074006922ED /* CopyFiles */ = {
			isa = PBXCopyFilesBuildPhase;
			buildActionMask = 2147483647;
			dstPath = Contents/Library/LaunchServices;
			dstSubfolderSpec = 1;
			files = (
			);
			runOnlyForDeploymentPostprocessing = 0;
		};
/* End PBXCopyFilesBuildPhase section */

/* Begin PBXFileReference section */
		F3416A38244A99710023C01D /* DesktopMenuItem.swift */ = {isa = PBXFileReference; lastKnownFileType = sourcecode.swift; path = DesktopMenuItem.swift; sourceTree = "<group>"; };
		F34F661D248F1F39006922ED /* InfoPane.xib */ = {isa = PBXFileReference; lastKnownFileType = file.xib; path = InfoPane.xib; sourceTree = "<group>"; };
		F34F661F248F2062006922ED /* Permissions.swift */ = {isa = PBXFileReference; lastKnownFileType = sourcecode.swift; path = Permissions.swift; sourceTree = "<group>"; };
		F34F66382491BFAD006922ED /* CoreApplication.swift */ = {isa = PBXFileReference; lastKnownFileType = sourcecode.swift; path = CoreApplication.swift; sourceTree = "<group>"; };
		F34F663A249349C6006922ED /* Desktop.swift */ = {isa = PBXFileReference; lastKnownFileType = sourcecode.swift; path = Desktop.swift; sourceTree = "<group>"; };
		F37E9CA0245F7BA200BC82F3 /* DataManager.swift */ = {isa = PBXFileReference; lastKnownFileType = sourcecode.swift; path = DataManager.swift; sourceTree = "<group>"; };
		F386E28124943DC400022CF2 /* Util.swift */ = {isa = PBXFileReference; lastKnownFileType = sourcecode.swift; path = Util.swift; sourceTree = "<group>"; };
		F386E28324944EA100022CF2 /* README.md */ = {isa = PBXFileReference; lastKnownFileType = net.daringfireball.markdown; path = README.md; sourceTree = "<group>"; };
		F3FA28CB241FEE5B00EB7536 /* Desktopify.app */ = {isa = PBXFileReference; explicitFileType = wrapper.application; includeInIndex = 0; path = Desktopify.app; sourceTree = BUILT_PRODUCTS_DIR; };
		F3FA28CE241FEE5B00EB7536 /* AppDelegate.swift */ = {isa = PBXFileReference; lastKnownFileType = sourcecode.swift; path = AppDelegate.swift; sourceTree = "<group>"; };
		F3FA28D0241FEE5B00EB7536 /* ContentView.swift */ = {isa = PBXFileReference; lastKnownFileType = sourcecode.swift; path = ContentView.swift; sourceTree = "<group>"; };
		F3FA28D2241FEE5E00EB7536 /* Assets.xcassets */ = {isa = PBXFileReference; lastKnownFileType = folder.assetcatalog; path = Assets.xcassets; sourceTree = "<group>"; };
		F3FA28D5241FEE5E00EB7536 /* Preview Assets.xcassets */ = {isa = PBXFileReference; lastKnownFileType = folder.assetcatalog; path = "Preview Assets.xcassets"; sourceTree = "<group>"; };
		F3FA28D8241FEE5E00EB7536 /* Base */ = {isa = PBXFileReference; lastKnownFileType = file.storyboard; name = Base; path = Base.lproj/Main.storyboard; sourceTree = "<group>"; };
		F3FA28DA241FEE5E00EB7536 /* Info.plist */ = {isa = PBXFileReference; lastKnownFileType = text.plist.xml; path = Info.plist; sourceTree = "<group>"; };
		F3FA28E1241FF9C700EB7536 /* DesktopsManager.swift */ = {isa = PBXFileReference; lastKnownFileType = sourcecode.swift; path = DesktopsManager.swift; sourceTree = "<group>"; };
		F3FA290424201AB000EB7536 /* DesktopView.swift */ = {isa = PBXFileReference; lastKnownFileType = sourcecode.swift; path = DesktopView.swift; sourceTree = "<group>"; };
/* End PBXFileReference section */

/* Begin PBXFrameworksBuildPhase section */
		F3FA28C8241FEE5B00EB7536 /* Frameworks */ = {
			isa = PBXFrameworksBuildPhase;
			buildActionMask = 2147483647;
			files = (
			);
			runOnlyForDeploymentPostprocessing = 0;
		};
/* End PBXFrameworksBuildPhase section */

/* Begin PBXGroup section */
		F3FA28C2241FEE5B00EB7536 = {
			isa = PBXGroup;
			children = (
				F386E28324944EA100022CF2 /* README.md */,
				F3FA28CD241FEE5B00EB7536 /* Desktopify */,
				F3FA28CC241FEE5B00EB7536 /* Products */,
			);
			sourceTree = "<group>";
		};
		F3FA28CC241FEE5B00EB7536 /* Products */ = {
			isa = PBXGroup;
			children = (
				F3FA28CB241FEE5B00EB7536 /* Desktopify.app */,
			);
			name = Products;
			sourceTree = "<group>";
		};
		F3FA28CD241FEE5B00EB7536 /* Desktopify */ = {
			isa = PBXGroup;
			children = (
				F3FA28CE241FEE5B00EB7536 /* AppDelegate.swift */,
				F34F66382491BFAD006922ED /* CoreApplication.swift */,
				F37E9CA0245F7BA200BC82F3 /* DataManager.swift */,
				F3FA28E1241FF9C700EB7536 /* DesktopsManager.swift */,
				F3416A38244A99710023C01D /* DesktopMenuItem.swift */,
				F3FA28D0241FEE5B00EB7536 /* ContentView.swift */,
				F3FA290424201AB000EB7536 /* DesktopView.swift */,
				F34F663A249349C6006922ED /* Desktop.swift */,
				F34F661D248F1F39006922ED /* InfoPane.xib */,
				F34F661F248F2062006922ED /* Permissions.swift */,
				F386E28124943DC400022CF2 /* Util.swift */,
				F3FA28D2241FEE5E00EB7536 /* Assets.xcassets */,
				F3FA28D7241FEE5E00EB7536 /* Main.storyboard */,
				F3FA28DA241FEE5E00EB7536 /* Info.plist */,
				F3FA28D4241FEE5E00EB7536 /* Preview Content */,
			);
			path = Desktopify;
			sourceTree = "<group>";
		};
		F3FA28D4241FEE5E00EB7536 /* Preview Content */ = {
			isa = PBXGroup;
			children = (
				F3FA28D5241FEE5E00EB7536 /* Preview Assets.xcassets */,
			);
			path = "Preview Content";
			sourceTree = "<group>";
		};
/* End PBXGroup section */

/* Begin PBXNativeTarget section */
		F3FA28CA241FEE5B00EB7536 /* Desktopify */ = {
			isa = PBXNativeTarget;
			buildConfigurationList = F3FA28DE241FEE5E00EB7536 /* Build configuration list for PBXNativeTarget "Desktopify" */;
			buildPhases = (
				F3FA28C7241FEE5B00EB7536 /* Sources */,
				F3FA28C8241FEE5B00EB7536 /* Frameworks */,
				F3FA28C9241FEE5B00EB7536 /* Resources */,
				F3416A34244A63AD0023C01D /* Embed XPC Services */,
				F34F6626248FF074006922ED /* CopyFiles */,
			);
			buildRules = (
			);
			dependencies = (
			);
			name = Desktopify;
			productName = Desktopify;
			productReference = F3FA28CB241FEE5B00EB7536 /* Desktopify.app */;
			productType = "com.apple.product-type.application";
		};
/* End PBXNativeTarget section */

/* Begin PBXProject section */
		F3FA28C3241FEE5B00EB7536 /* Project object */ = {
			isa = PBXProject;
			attributes = {
				LastSwiftUpdateCheck = 1150;
				LastUpgradeCheck = 1150;
				ORGANIZATIONNAME = "Gregory Ling";
				TargetAttributes = {
					F3FA28CA241FEE5B00EB7536 = {
						CreatedOnToolsVersion = 11.3.1;
					};
				};
			};
			buildConfigurationList = F3FA28C6241FEE5B00EB7536 /* Build configuration list for PBXProject "Desktopify" */;
			compatibilityVersion = "Xcode 9.3";
			developmentRegion = en;
			hasScannedForEncodings = 0;
			knownRegions = (
				en,
				Base,
			);
			mainGroup = F3FA28C2241FEE5B00EB7536;
			productRefGroup = F3FA28CC241FEE5B00EB7536 /* Products */;
			projectDirPath = "";
			projectRoot = "";
			targets = (
				F3FA28CA241FEE5B00EB7536 /* Desktopify */,
			);
		};
/* End PBXProject section */

/* Begin PBXResourcesBuildPhase section */
		F3FA28C9241FEE5B00EB7536 /* Resources */ = {
			isa = PBXResourcesBuildPhase;
			buildActionMask = 2147483647;
			files = (
				F3FA28D9241FEE5E00EB7536 /* Main.storyboard in Resources */,
				F34F661E248F1F39006922ED /* InfoPane.xib in Resources */,
				F3FA28D6241FEE5E00EB7536 /* Preview Assets.xcassets in Resources */,
				F3FA28D3241FEE5E00EB7536 /* Assets.xcassets in Resources */,
			);
			runOnlyForDeploymentPostprocessing = 0;
		};
/* End PBXResourcesBuildPhase section */

/* Begin PBXSourcesBuildPhase section */
		F3FA28C7241FEE5B00EB7536 /* Sources */ = {
			isa = PBXSourcesBuildPhase;
			buildActionMask = 2147483647;
			files = (
				F3FA28E2241FF9C700EB7536 /* DesktopsManager.swift in Sources */,
				F3416A39244A99710023C01D /* DesktopMenuItem.swift in Sources */,
				F37E9CA1245F7BA200BC82F3 /* DataManager.swift in Sources */,
				F3FA290524201AB000EB7536 /* DesktopView.swift in Sources */,
				F34F663B249349C6006922ED /* Desktop.swift in Sources */,
				F386E28224943DC400022CF2 /* Util.swift in Sources */,
				F34F6620248F2062006922ED /* Permissions.swift in Sources */,
				F3FA28D1241FEE5B00EB7536 /* ContentView.swift in Sources */,
				F34F66392491BFAD006922ED /* CoreApplication.swift in Sources */,
				F3FA28CF241FEE5B00EB7536 /* AppDelegate.swift in Sources */,
			);
			runOnlyForDeploymentPostprocessing = 0;
		};
/* End PBXSourcesBuildPhase section */

/* Begin PBXVariantGroup section */
		F3FA28D7241FEE5E00EB7536 /* Main.storyboard */ = {
			isa = PBXVariantGroup;
			children = (
				F3FA28D8241FEE5E00EB7536 /* Base */,
			);
			name = Main.storyboard;
			sourceTree = "<group>";
		};
/* End PBXVariantGroup section */

/* Begin XCBuildConfiguration section */
		F3FA28DC241FEE5E00EB7536 /* Debug */ = {
			isa = XCBuildConfiguration;
			buildSettings = {
				ALWAYS_SEARCH_USER_PATHS = NO;
				CLANG_ANALYZER_NONNULL = YES;
				CLANG_ANALYZER_NUMBER_OBJECT_CONVERSION = YES_AGGRESSIVE;
				CLANG_CXX_LANGUAGE_STANDARD = "gnu++17";
				CLANG_CXX_LIBRARY = "libc++";
				CLANG_ENABLE_MODULES = YES;
				CLANG_ENABLE_OBJC_ARC = YES;
				CLANG_ENABLE_OBJC_WEAK = YES;
				CLANG_WARN_BLOCK_CAPTURE_AUTORELEASING = YES;
				CLANG_WARN_BOOL_CONVERSION = YES;
				CLANG_WARN_COMMA = YES;
				CLANG_WARN_CONSTANT_CONVERSION = YES;
				CLANG_WARN_DEPRECATED_OBJC_IMPLEMENTATIONS = YES;
				CLANG_WARN_DIRECT_OBJC_ISA_USAGE = YES_ERROR;
				CLANG_WARN_DOCUMENTATION_COMMENTS = YES;
				CLANG_WARN_EMPTY_BODY = YES;
				CLANG_WARN_ENUM_CONVERSION = YES;
				CLANG_WARN_INFINITE_RECURSION = YES;
				CLANG_WARN_INT_CONVERSION = YES;
				CLANG_WARN_NON_LITERAL_NULL_CONVERSION = YES;
				CLANG_WARN_OBJC_IMPLICIT_RETAIN_SELF = YES;
				CLANG_WARN_OBJC_LITERAL_CONVERSION = YES;
				CLANG_WARN_OBJC_ROOT_CLASS = YES_ERROR;
				CLANG_WARN_RANGE_LOOP_ANALYSIS = YES;
				CLANG_WARN_STRICT_PROTOTYPES = YES;
				CLANG_WARN_SUSPICIOUS_MOVE = YES;
				CLANG_WARN_UNGUARDED_AVAILABILITY = YES_AGGRESSIVE;
				CLANG_WARN_UNREACHABLE_CODE = YES;
				CLANG_WARN__DUPLICATE_METHOD_MATCH = YES;
				COPY_PHASE_STRIP = NO;
				DEBUG_INFORMATION_FORMAT = dwarf;
				ENABLE_STRICT_OBJC_MSGSEND = YES;
				ENABLE_TESTABILITY = YES;
				GCC_C_LANGUAGE_STANDARD = gnu11;
				GCC_DYNAMIC_NO_PIC = NO;
				GCC_NO_COMMON_BLOCKS = YES;
				GCC_OPTIMIZATION_LEVEL = 0;
				GCC_PREPROCESSOR_DEFINITIONS = (
					"DEBUG=1",
					"$(inherited)",
				);
				GCC_WARN_64_TO_32_BIT_CONVERSION = YES;
				GCC_WARN_ABOUT_RETURN_TYPE = YES_ERROR;
				GCC_WARN_UNDECLARED_SELECTOR = YES;
				GCC_WARN_UNINITIALIZED_AUTOS = YES_AGGRESSIVE;
				GCC_WARN_UNUSED_FUNCTION = YES;
				GCC_WARN_UNUSED_VARIABLE = YES;
				MACOSX_DEPLOYMENT_TARGET = 10.15;
				MTL_ENABLE_DEBUG_INFO = INCLUDE_SOURCE;
				MTL_FAST_MATH = YES;
				ONLY_ACTIVE_ARCH = YES;
				SDKROOT = macosx;
				SWIFT_ACTIVE_COMPILATION_CONDITIONS = DEBUG;
				SWIFT_OPTIMIZATION_LEVEL = "-Onone";
			};
			name = Debug;
		};
		F3FA28DD241FEE5E00EB7536 /* Release */ = {
			isa = XCBuildConfiguration;
			buildSettings = {
				ALWAYS_SEARCH_USER_PATHS = NO;
				CLANG_ANALYZER_NONNULL = YES;
				CLANG_ANALYZER_NUMBER_OBJECT_CONVERSION = YES_AGGRESSIVE;
				CLANG_CXX_LANGUAGE_STANDARD = "gnu++17";
				CLANG_CXX_LIBRARY = "libc++";
				CLANG_ENABLE_MODULES = YES;
				CLANG_ENABLE_OBJC_ARC = YES;
				CLANG_ENABLE_OBJC_WEAK = YES;
				CLANG_WARN_BLOCK_CAPTURE_AUTORELEASING = YES;
				CLANG_WARN_BOOL_CONVERSION = YES;
				CLANG_WARN_COMMA = YES;
				CLANG_WARN_CONSTANT_CONVERSION = YES;
				CLANG_WARN_DEPRECATED_OBJC_IMPLEMENTATIONS = YES;
				CLANG_WARN_DIRECT_OBJC_ISA_USAGE = YES_ERROR;
				CLANG_WARN_DOCUMENTATION_COMMENTS = YES;
				CLANG_WARN_EMPTY_BODY = YES;
				CLANG_WARN_ENUM_CONVERSION = YES;
				CLANG_WARN_INFINITE_RECURSION = YES;
				CLANG_WARN_INT_CONVERSION = YES;
				CLANG_WARN_NON_LITERAL_NULL_CONVERSION = YES;
				CLANG_WARN_OBJC_IMPLICIT_RETAIN_SELF = YES;
				CLANG_WARN_OBJC_LITERAL_CONVERSION = YES;
				CLANG_WARN_OBJC_ROOT_CLASS = YES_ERROR;
				CLANG_WARN_RANGE_LOOP_ANALYSIS = YES;
				CLANG_WARN_STRICT_PROTOTYPES = YES;
				CLANG_WARN_SUSPICIOUS_MOVE = YES;
				CLANG_WARN_UNGUARDED_AVAILABILITY = YES_AGGRESSIVE;
				CLANG_WARN_UNREACHABLE_CODE = YES;
				CLANG_WARN__DUPLICATE_METHOD_MATCH = YES;
				COPY_PHASE_STRIP = NO;
				DEBUG_INFORMATION_FORMAT = "dwarf-with-dsym";
				ENABLE_NS_ASSERTIONS = NO;
				ENABLE_STRICT_OBJC_MSGSEND = YES;
				GCC_C_LANGUAGE_STANDARD = gnu11;
				GCC_NO_COMMON_BLOCKS = YES;
				GCC_WARN_64_TO_32_BIT_CONVERSION = YES;
				GCC_WARN_ABOUT_RETURN_TYPE = YES_ERROR;
				GCC_WARN_UNDECLARED_SELECTOR = YES;
				GCC_WARN_UNINITIALIZED_AUTOS = YES_AGGRESSIVE;
				GCC_WARN_UNUSED_FUNCTION = YES;
				GCC_WARN_UNUSED_VARIABLE = YES;
				MACOSX_DEPLOYMENT_TARGET = 10.15;
				MTL_ENABLE_DEBUG_INFO = NO;
				MTL_FAST_MATH = YES;
				SDKROOT = macosx;
				SWIFT_COMPILATION_MODE = wholemodule;
				SWIFT_OPTIMIZATION_LEVEL = "-O";
			};
			name = Release;
		};
		F3FA28DF241FEE5E00EB7536 /* Debug */ = {
			isa = XCBuildConfiguration;
			buildSettings = {
				ASSETCATALOG_COMPILER_APPICON_NAME = AppIcon;
				CODE_SIGN_ENTITLEMENTS = "";
				CODE_SIGN_IDENTITY = "Mac Developer";
				CODE_SIGN_STYLE = Automatic;
				COMBINE_HIDPI_IMAGES = YES;
				DEVELOPMENT_ASSET_PATHS = "\"Desktopify/Preview Content\"";
				DEVELOPMENT_TEAM = 2HV2XN5TR4;
				ENABLE_HARDENED_RUNTIME = YES;
				ENABLE_PREVIEWS = YES;
				INFOPLIST_FILE = Desktopify/Info.plist;
				LD_RUNPATH_SEARCH_PATHS = (
					"$(inherited)",
					"@executable_path/../Frameworks",
				);
				MACOSX_DEPLOYMENT_TARGET = 10.15;
				PRODUCT_BUNDLE_IDENTIFIER = turtlmkr.desktopify;
				PRODUCT_NAME = "$(TARGET_NAME)";
				SWIFT_VERSION = 5.0;
			};
			name = Debug;
		};
		F3FA28E0241FEE5E00EB7536 /* Release */ = {
			isa = XCBuildConfiguration;
			buildSettings = {
				ASSETCATALOG_COMPILER_APPICON_NAME = AppIcon;
				CODE_SIGN_ENTITLEMENTS = "";
				CODE_SIGN_IDENTITY = "Mac Developer";
				CODE_SIGN_STYLE = Automatic;
				COMBINE_HIDPI_IMAGES = YES;
				DEVELOPMENT_ASSET_PATHS = "\"Desktopify/Preview Content\"";
				DEVELOPMENT_TEAM = 2HV2XN5TR4;
				ENABLE_HARDENED_RUNTIME = YES;
				ENABLE_PREVIEWS = YES;
				INFOPLIST_FILE = Desktopify/Info.plist;
				LD_RUNPATH_SEARCH_PATHS = (
					"$(inherited)",
					"@executable_path/../Frameworks",
				);
				MACOSX_DEPLOYMENT_TARGET = 10.15;
				PRODUCT_BUNDLE_IDENTIFIER = turtlmkr.desktopify;
				PRODUCT_NAME = "$(TARGET_NAME)";
				SWIFT_VERSION = 5.0;
			};
			name = Release;
		};
/* End XCBuildConfiguration section */

/* Begin XCConfigurationList section */
		F3FA28C6241FEE5B00EB7536 /* Build configuration list for PBXProject "Desktopify" */ = {
			isa = XCConfigurationList;
			buildConfigurations = (
				F3FA28DC241FEE5E00EB7536 /* Debug */,
				F3FA28DD241FEE5E00EB7536 /* Release */,
			);
			defaultConfigurationIsVisible = 0;
			defaultConfigurationName = Release;
		};
		F3FA28DE241FEE5E00EB7536 /* Build configuration list for PBXNativeTarget "Desktopify" */ = {
			isa = XCConfigurationList;
			buildConfigurations = (
				F3FA28DF241FEE5E00EB7536 /* Debug */,
				F3FA28E0241FEE5E00EB7536 /* Release */,
			);
			defaultConfigurationIsVisible = 0;
			defaultConfigurationName = Release;
		};
/* End XCConfigurationList section */
	};
	rootObject = F3FA28C3241FEE5B00EB7536 /* Project object */;
}
